
Microsoft Visual Studio Solution File, Format Version 12.00
# Visual Studio Version 17
VisualStudioVersion = 17.4.33213.308
MinimumVisualStudioVersion = 10.0.40219.1
Project("{FAE04EC0-301F-11D3-BF4B-00C04F79EFBC}") = "battdamageelt", "battdamageelt\battdamageelt.csproj", "{16AEE61A-8B34-4A84-B121-BD5668B78AE4}"
EndProject
Global
	GlobalSection(SolutionConfigurationPlatforms) = preSolution
		Debug|Any CPU = Debug|Any CPU
		Release|Any CPU = Release|Any CPU
	EndGlobalSection
	GlobalSection(ProjectConfigurationPlatforms) = postSolution
		{16AEE61A-8B34-4A84-B121-BD5668B78AE4}.Debug|Any CPU.ActiveCfg = Debug|Any CPU
		{16AEE61A-8B34-4A84-B121-BD5668B78AE4}.Debug|Any CPU.Build.0 = Debug|Any CPU
		{16AEE61A-8B34-4A84-B121-BD5668B78AE4}.Release|Any CPU.ActiveCfg = Release|Any CPU
		{16AEE61A-8B34-4A84-B121-BD5668B78AE4}.Release|Any CPU.Build.0 = Release|Any CPU
	EndGlobalSection
	GlobalSection(SolutionProperties) = preSolution
		HideSolutionNode = FALSE
	EndGlobalSection
	GlobalSection(ExtensibilityGlobals) = postSolution
		SolutionGuid = {1441201C-D084-4853-BA0B-F00D5AF2E6BD}
	EndGlobalSection
EndGlobal
